
Microsoft Visual Studio Solution File, Format Version 12.00
# Visual Studio Version 17
VisualStudioVersion = 17.0.31919.166
MinimumVisualStudioVersion = 10.0.40219.1
Project("{FAE04EC0-301F-11D3-BF4B-00C04F79EFBC}") = "facewin", "facewin.csproj", "{6717C72B-7A25-4401-A2D3-A4F67967CB94}"
EndProject
Global
	GlobalSection(SolutionConfigurationPlatforms) = preSolution
		Debug|Any CPU = Debug|Any CPU
		Release|Any CPU = Release|Any CPU
	EndGlobalSection
	GlobalSection(ProjectConfigurationPlatforms) = postSolution
		{6717C72B-7A25-4401-A2D3-A4F67967CB94}.Debug|Any CPU.ActiveCfg = Debug|Any CPU
		{6717C72B-7A25-4401-A2D3-A4F67967CB94}.Debug|Any CPU.Build.0 = Debug|Any CPU
		{6717C72B-7A25-4401-A2D3-A4F67967CB94}.Release|Any CPU.ActiveCfg = Release|Any CPU
		{6717C72B-7A25-4401-A2D3-A4F67967CB94}.Release|Any CPU.Build.0 = Release|Any CPU
	EndGlobalSection
	GlobalSection(SolutionProperties) = preSolution
		HideSolutionNode = FALSE
	EndGlobalSection
	GlobalSection(ExtensibilityGlobals) = postSolution
		SolutionGuid = {F0958DED-7FD0-4AA8-83C2-8A3204DFEDEA}
	EndGlobalSection
EndGlobal
